
Microsoft Visual Studio Solution File, Format Version 12.00
# Visual Studio Version 17
VisualStudioVersion = 17.7.34221.43
MinimumVisualStudioVersion = 10.0.40219.1
Project("{9A19103F-16F7-4668-BE54-9A1E7A4F7556}") = "SOCIAL_NETWORK_API", "SOCIAL_NETWORK_API\SOCIAL_NETWORK_API.csproj", "{B67DBB8E-ED55-4BAA-9BEA-A9E83BBE746E}"
EndProject
Project("{FAE04EC0-301F-11D3-BF4B-00C04F79EFBC}") = "SOCIAL_NETWORK_TEST", "SOCIAL_NETWORK_TEST\SOCIAL_NETWORK_TEST.csproj", "{E5555B84-D6A2-4FF1-B398-2703D6A3B145}"
EndProject
Global
	GlobalSection(SolutionConfigurationPlatforms) = preSolution
		Debug|Any CPU = Debug|Any CPU
		Release|Any CPU = Release|Any CPU
	EndGlobalSection
	GlobalSection(ProjectConfigurationPlatforms) = postSolution
		{B67DBB8E-ED55-4BAA-9BEA-A9E83BBE746E}.Debug|Any CPU.ActiveCfg = Debug|Any CPU
		{B67DBB8E-ED55-4BAA-9BEA-A9E83BBE746E}.Debug|Any CPU.Build.0 = Debug|Any CPU
		{B67DBB8E-ED55-4BAA-9BEA-A9E83BBE746E}.Release|Any CPU.ActiveCfg = Release|Any CPU
		{B67DBB8E-ED55-4BAA-9BEA-A9E83BBE746E}.Release|Any CPU.Build.0 = Release|Any CPU
		{E5555B84-D6A2-4FF1-B398-2703D6A3B145}.Debug|Any CPU.ActiveCfg = Debug|Any CPU
		{E5555B84-D6A2-4FF1-B398-2703D6A3B145}.Debug|Any CPU.Build.0 = Debug|Any CPU
		{E5555B84-D6A2-4FF1-B398-2703D6A3B145}.Release|Any CPU.ActiveCfg = Release|Any CPU
		{E5555B84-D6A2-4FF1-B398-2703D6A3B145}.Release|Any CPU.Build.0 = Release|Any CPU
	EndGlobalSection
	GlobalSection(SolutionProperties) = preSolution
		HideSolutionNode = FALSE
	EndGlobalSection
	GlobalSection(ExtensibilityGlobals) = postSolution
		SolutionGuid = {1E64556D-11DB-4043-868E-03982F4B3161}
	EndGlobalSection
EndGlobal
